// !$*UTF8*$!
{
	archiveVersion = 1;
	classes = {
	};
	objectVersion = 56;
	objects = {

/* Begin PBXBuildFile section */
		6AAF4DB528E4C0E700B8F691 /* ToDoApp.swift in Sources */ = {isa = PBXBuildFile; fileRef = 6AAF4DB428E4C0E700B8F691 /* ToDoApp.swift */; };
		6AAF4DB728E4C0E700B8F691 /* ContentView.swift in Sources */ = {isa = PBXBuildFile; fileRef = 6AAF4DB628E4C0E700B8F691 /* ContentView.swift */; };
		6AAF4DB928E4C0E800B8F691 /* Assets.xcassets in Resources */ = {isa = PBXBuildFile; fileRef = 6AAF4DB828E4C0E800B8F691 /* Assets.xcassets */; };
		6AAF4DBC28E4C0E800B8F691 /* Preview Assets.xcassets in Resources */ = {isa = PBXBuildFile; fileRef = 6AAF4DBB28E4C0E800B8F691 /* Preview Assets.xcassets */; };
		6AAF4DC928E4C1FC00B8F691 /* Realm in Frameworks */ = {isa = PBXBuildFile; productRef = 6AAF4DC828E4C1FC00B8F691 /* Realm */; };
		6AAF4DCB28E4C1FC00B8F691 /* RealmSwift in Frameworks */ = {isa = PBXBuildFile; productRef = 6AAF4DCA28E4C1FC00B8F691 /* RealmSwift */; };
		6AAF4DCD28E4C20E00B8F691 /* TaskModel.swift in Sources */ = {isa = PBXBuildFile; fileRef = 6AAF4DCC28E4C20E00B8F691 /* TaskModel.swift */; };
		6AAF4DCF28E4C21B00B8F691 /* DataManager.swift in Sources */ = {isa = PBXBuildFile; fileRef = 6AAF4DCE28E4C21B00B8F691 /* DataManager.swift */; };
		6AAF4DD128E4C22700B8F691 /* RealmModel.swift in Sources */ = {isa = PBXBuildFile; fileRef = 6AAF4DD028E4C22700B8F691 /* RealmModel.swift */; };
		6AAF4DD428E4C23900B8F691 /* CoreDataModel.xcdatamodeld in Sources */ = {isa = PBXBuildFile; fileRef = 6AAF4DD228E4C23900B8F691 /* CoreDataModel.xcdatamodeld */; };
		6AAF4DD728E4C27000B8F691 /* UserDefaultsModel.swift in Sources */ = {isa = PBXBuildFile; fileRef = 6AAF4DD628E4C27000B8F691 /* UserDefaultsModel.swift */; };
		6AAF4DD928E4C28200B8F691 /* RealmManager.swift in Sources */ = {isa = PBXBuildFile; fileRef = 6AAF4DD828E4C28200B8F691 /* RealmManager.swift */; };
		6AAF4DDB28E4C29700B8F691 /* CoreDataManager.swift in Sources */ = {isa = PBXBuildFile; fileRef = 6AAF4DDA28E4C29700B8F691 /* CoreDataManager.swift */; };
		6AAF4DDD28E4C2A600B8F691 /* UserDefaultsManager.swift in Sources */ = {isa = PBXBuildFile; fileRef = 6AAF4DDC28E4C2A600B8F691 /* UserDefaultsManager.swift */; };
		6AAF4DDF28E4C2BA00B8F691 /* TaskViewModel.swift in Sources */ = {isa = PBXBuildFile; fileRef = 6AAF4DDE28E4C2BA00B8F691 /* TaskViewModel.swift */; };
		6AAF4DE128E4C2E100B8F691 /* AddTaskView.swift in Sources */ = {isa = PBXBuildFile; fileRef = 6AAF4DE028E4C2E100B8F691 /* AddTaskView.swift */; };
		6AAF4DE328E4C2FB00B8F691 /* SwitchButtonView.swift in Sources */ = {isa = PBXBuildFile; fileRef = 6AAF4DE228E4C2FB00B8F691 /* SwitchButtonView.swift */; };
		6AAF4DE528E4C30B00B8F691 /* AddButtonView.swift in Sources */ = {isa = PBXBuildFile; fileRef = 6AAF4DE428E4C30B00B8F691 /* AddButtonView.swift */; };
		6AAF4DE728E4C32400B8F691 /* ListRowView.swift in Sources */ = {isa = PBXBuildFile; fileRef = 6AAF4DE628E4C32400B8F691 /* ListRowView.swift */; };
		6AAF4DEA28E4C3DB00B8F691 /* CoreDataClass.swift in Sources */ = {isa = PBXBuildFile; fileRef = 6AAF4DE828E4C3DB00B8F691 /* CoreDataClass.swift */; };
		6AAF4DEB28E4C3DB00B8F691 /* CoreDataProperties.swift in Sources */ = {isa = PBXBuildFile; fileRef = 6AAF4DE928E4C3DB00B8F691 /* CoreDataProperties.swift */; };
/* End PBXBuildFile section */

/* Begin PBXFileReference section */
		6AAF4DB128E4C0E700B8F691 /* ToDo.app */ = {isa = PBXFileReference; explicitFileType = wrapper.application; includeInIndex = 0; path = ToDo.app; sourceTree = BUILT_PRODUCTS_DIR; };
		6AAF4DB428E4C0E700B8F691 /* ToDoApp.swift */ = {isa = PBXFileReference; lastKnownFileType = sourcecode.swift; path = ToDoApp.swift; sourceTree = "<group>"; };
		6AAF4DB628E4C0E700B8F691 /* ContentView.swift */ = {isa = PBXFileReference; lastKnownFileType = sourcecode.swift; path = ContentView.swift; sourceTree = "<group>"; };
		6AAF4DB828E4C0E800B8F691 /* Assets.xcassets */ = {isa = PBXFileReference; lastKnownFileType = folder.assetcatalog; path = Assets.xcassets; sourceTree = "<group>"; };
		6AAF4DBB28E4C0E800B8F691 /* Preview Assets.xcassets */ = {isa = PBXFileReference; lastKnownFileType = folder.assetcatalog; path = "Preview Assets.xcassets"; sourceTree = "<group>"; };
		6AAF4DCC28E4C20E00B8F691 /* TaskModel.swift */ = {isa = PBXFileReference; lastKnownFileType = sourcecode.swift; path = TaskModel.swift; sourceTree = "<group>"; };
		6AAF4DCE28E4C21B00B8F691 /* DataManager.swift */ = {isa = PBXFileReference; lastKnownFileType = sourcecode.swift; path = DataManager.swift; sourceTree = "<group>"; };
		6AAF4DD028E4C22700B8F691 /* RealmModel.swift */ = {isa = PBXFileReference; lastKnownFileType = sourcecode.swift; path = RealmModel.swift; sourceTree = "<group>"; };
		6AAF4DD328E4C23900B8F691 /* CoreDataModel.xcdatamodel */ = {isa = PBXFileReference; lastKnownFileType = wrapper.xcdatamodel; path = CoreDataModel.xcdatamodel; sourceTree = "<group>"; };
		6AAF4DD628E4C27000B8F691 /* UserDefaultsModel.swift */ = {isa = PBXFileReference; lastKnownFileType = sourcecode.swift; path = UserDefaultsModel.swift; sourceTree = "<group>"; };
		6AAF4DD828E4C28200B8F691 /* RealmManager.swift */ = {isa = PBXFileReference; lastKnownFileType = sourcecode.swift; path = RealmManager.swift; sourceTree = "<group>"; };
		6AAF4DDA28E4C29700B8F691 /* CoreDataManager.swift */ = {isa = PBXFileReference; lastKnownFileType = sourcecode.swift; path = CoreDataManager.swift; sourceTree = "<group>"; };
		6AAF4DDC28E4C2A600B8F691 /* UserDefaultsManager.swift */ = {isa = PBXFileReference; lastKnownFileType = sourcecode.swift; path = UserDefaultsManager.swift; sourceTree = "<group>"; };
		6AAF4DDE28E4C2BA00B8F691 /* TaskViewModel.swift */ = {isa = PBXFileReference; lastKnownFileType = sourcecode.swift; path = TaskViewModel.swift; sourceTree = "<group>"; };
		6AAF4DE028E4C2E100B8F691 /* AddTaskView.swift */ = {isa = PBXFileReference; lastKnownFileType = sourcecode.swift; path = AddTaskView.swift; sourceTree = "<group>"; };
		6AAF4DE228E4C2FB00B8F691 /* SwitchButtonView.swift */ = {isa = PBXFileReference; lastKnownFileType = sourcecode.swift; path = SwitchButtonView.swift; sourceTree = "<group>"; };
		6AAF4DE428E4C30B00B8F691 /* AddButtonView.swift */ = {isa = PBXFileReference; lastKnownFileType = sourcecode.swift; path = AddButtonView.swift; sourceTree = "<group>"; };
		6AAF4DE628E4C32400B8F691 /* ListRowView.swift */ = {isa = PBXFileReference; lastKnownFileType = sourcecode.swift; path = ListRowView.swift; sourceTree = "<group>"; };
		6AAF4DE828E4C3DB00B8F691 /* CoreDataClass.swift */ = {isa = PBXFileReference; lastKnownFileType = sourcecode.swift; path = CoreDataClass.swift; sourceTree = "<group>"; };
		6AAF4DE928E4C3DB00B8F691 /* CoreDataProperties.swift */ = {isa = PBXFileReference; lastKnownFileType = sourcecode.swift; path = CoreDataProperties.swift; sourceTree = "<group>"; };
/* End PBXFileReference section */

/* Begin PBXFrameworksBuildPhase section */
		6AAF4DAE28E4C0E700B8F691 /* Frameworks */ = {
			isa = PBXFrameworksBuildPhase;
			buildActionMask = 2147483647;
			files = (
				6AAF4DCB28E4C1FC00B8F691 /* RealmSwift in Frameworks */,
				6AAF4DC928E4C1FC00B8F691 /* Realm in Frameworks */,
			);
			runOnlyForDeploymentPostprocessing = 0;
		};
/* End PBXFrameworksBuildPhase section */

/* Begin PBXGroup section */
		6AAF4DA828E4C0E700B8F691 = {
			isa = PBXGroup;
			children = (
				6AAF4DB328E4C0E700B8F691 /* ToDo */,
				6AAF4DB228E4C0E700B8F691 /* Products */,
			);
			sourceTree = "<group>";
		};
		6AAF4DB228E4C0E700B8F691 /* Products */ = {
			isa = PBXGroup;
			children = (
				6AAF4DB128E4C0E700B8F691 /* ToDo.app */,
			);
			name = Products;
			sourceTree = "<group>";
		};
		6AAF4DB328E4C0E700B8F691 /* ToDo */ = {
			isa = PBXGroup;
			children = (
				6AAF4DB428E4C0E700B8F691 /* ToDoApp.swift */,
				6AAF4DC228E4C18A00B8F691 /* Protocols */,
				6AAF4DC328E4C19400B8F691 /* Models */,
				6AAF4DC428E4C19A00B8F691 /* Managers */,
				6AAF4DC528E4C1A100B8F691 /* ViewModel */,
				6AAF4DC628E4C1AE00B8F691 /* Views */,
				6AAF4DB828E4C0E800B8F691 /* Assets.xcassets */,
				6AAF4DBA28E4C0E800B8F691 /* Preview Content */,
			);
			path = ToDo;
			sourceTree = "<group>";
		};
		6AAF4DBA28E4C0E800B8F691 /* Preview Content */ = {
			isa = PBXGroup;
			children = (
				6AAF4DBB28E4C0E800B8F691 /* Preview Assets.xcassets */,
			);
			path = "Preview Content";
			sourceTree = "<group>";
		};
		6AAF4DC228E4C18A00B8F691 /* Protocols */ = {
			isa = PBXGroup;
			children = (
				6AAF4DCC28E4C20E00B8F691 /* TaskModel.swift */,
				6AAF4DCE28E4C21B00B8F691 /* DataManager.swift */,
			);
			path = Protocols;
			sourceTree = "<group>";
		};
		6AAF4DC328E4C19400B8F691 /* Models */ = {
			isa = PBXGroup;
			children = (
				6AAF4DD028E4C22700B8F691 /* RealmModel.swift */,
				6AAF4DD228E4C23900B8F691 /* CoreDataModel.xcdatamodeld */,
				6AAF4DE828E4C3DB00B8F691 /* CoreDataClass.swift */,
				6AAF4DE928E4C3DB00B8F691 /* CoreDataProperties.swift */,
				6AAF4DD628E4C27000B8F691 /* UserDefaultsModel.swift */,
			);
			path = Models;
			sourceTree = "<group>";
		};
		6AAF4DC428E4C19A00B8F691 /* Managers */ = {
			isa = PBXGroup;
			children = (
				6AAF4DD828E4C28200B8F691 /* RealmManager.swift */,
				6AAF4DDA28E4C29700B8F691 /* CoreDataManager.swift */,
				6AAF4DDC28E4C2A600B8F691 /* UserDefaultsManager.swift */,
			);
			path = Managers;
			sourceTree = "<group>";
		};
		6AAF4DC528E4C1A100B8F691 /* ViewModel */ = {
			isa = PBXGroup;
			children = (
				6AAF4DDE28E4C2BA00B8F691 /* TaskViewModel.swift */,
			);
			path = ViewModel;
			sourceTree = "<group>";
		};
		6AAF4DC628E4C1AE00B8F691 /* Views */ = {
			isa = PBXGroup;
			children = (
				6AAF4DB628E4C0E700B8F691 /* ContentView.swift */,
				6AAF4DE028E4C2E100B8F691 /* AddTaskView.swift */,
				6AAF4DE228E4C2FB00B8F691 /* SwitchButtonView.swift */,
				6AAF4DE428E4C30B00B8F691 /* AddButtonView.swift */,
				6AAF4DE628E4C32400B8F691 /* ListRowView.swift */,
			);
			path = Views;
			sourceTree = "<group>";
		};
/* End PBXGroup section */

/* Begin PBXNativeTarget section */
		6AAF4DB028E4C0E700B8F691 /* ToDo */ = {
			isa = PBXNativeTarget;
			buildConfigurationList = 6AAF4DBF28E4C0E800B8F691 /* Build configuration list for PBXNativeTarget "ToDo" */;
			buildPhases = (
				6AAF4DAD28E4C0E700B8F691 /* Sources */,
				6AAF4DAE28E4C0E700B8F691 /* Frameworks */,
				6AAF4DAF28E4C0E700B8F691 /* Resources */,
			);
			buildRules = (
			);
			dependencies = (
			);
			name = ToDo;
			packageProductDependencies = (
				6AAF4DC828E4C1FC00B8F691 /* Realm */,
				6AAF4DCA28E4C1FC00B8F691 /* RealmSwift */,
			);
			productName = ToDo;
			productReference = 6AAF4DB128E4C0E700B8F691 /* ToDo.app */;
			productType = "com.apple.product-type.application";
		};
/* End PBXNativeTarget section */

/* Begin PBXProject section */
		6AAF4DA928E4C0E700B8F691 /* Project object */ = {
			isa = PBXProject;
			attributes = {
				BuildIndependentTargetsInParallel = 1;
				LastSwiftUpdateCheck = 1400;
				LastUpgradeCheck = 1400;
				TargetAttributes = {
					6AAF4DB028E4C0E700B8F691 = {
						CreatedOnToolsVersion = 14.0.1;
					};
				};
			};
			buildConfigurationList = 6AAF4DAC28E4C0E700B8F691 /* Build configuration list for PBXProject "ToDo" */;
			compatibilityVersion = "Xcode 14.0";
			developmentRegion = en;
			hasScannedForEncodings = 0;
			knownRegions = (
				en,
				Base,
			);
			mainGroup = 6AAF4DA828E4C0E700B8F691;
			packageReferences = (
				6AAF4DC728E4C1FB00B8F691 /* XCRemoteSwiftPackageReference "realm-swift" */,
			);
			productRefGroup = 6AAF4DB228E4C0E700B8F691 /* Products */;
			projectDirPath = "";
			projectRoot = "";
			targets = (
				6AAF4DB028E4C0E700B8F691 /* ToDo */,
			);
		};
/* End PBXProject section */

/* Begin PBXResourcesBuildPhase section */
		6AAF4DAF28E4C0E700B8F691 /* Resources */ = {
			isa = PBXResourcesBuildPhase;
			buildActionMask = 2147483647;
			files = (
				6AAF4DBC28E4C0E800B8F691 /* Preview Assets.xcassets in Resources */,
				6AAF4DB928E4C0E800B8F691 /* Assets.xcassets in Resources */,
			);
			runOnlyForDeploymentPostprocessing = 0;
		};
/* End PBXResourcesBuildPhase section */

/* Begin PBXSourcesBuildPhase section */
		6AAF4DAD28E4C0E700B8F691 /* Sources */ = {
			isa = PBXSourcesBuildPhase;
			buildActionMask = 2147483647;
			files = (
				6AAF4DE528E4C30B00B8F691 /* AddButtonView.swift in Sources */,
				6AAF4DDF28E4C2BA00B8F691 /* TaskViewModel.swift in Sources */,
				6AAF4DE728E4C32400B8F691 /* ListRowView.swift in Sources */,
				6AAF4DD728E4C27000B8F691 /* UserDefaultsModel.swift in Sources */,
				6AAF4DD928E4C28200B8F691 /* RealmManager.swift in Sources */,
				6AAF4DE128E4C2E100B8F691 /* AddTaskView.swift in Sources */,
				6AAF4DCD28E4C20E00B8F691 /* TaskModel.swift in Sources */,
				6AAF4DCF28E4C21B00B8F691 /* DataManager.swift in Sources */,
				6AAF4DD428E4C23900B8F691 /* CoreDataModel.xcdatamodeld in Sources */,
				6AAF4DB728E4C0E700B8F691 /* ContentView.swift in Sources */,
				6AAF4DEB28E4C3DB00B8F691 /* CoreDataProperties.swift in Sources */,
				6AAF4DEA28E4C3DB00B8F691 /* CoreDataClass.swift in Sources */,
				6AAF4DDD28E4C2A600B8F691 /* UserDefaultsManager.swift in Sources */,
				6AAF4DDB28E4C29700B8F691 /* CoreDataManager.swift in Sources */,
				6AAF4DD128E4C22700B8F691 /* RealmModel.swift in Sources */,
				6AAF4DE328E4C2FB00B8F691 /* SwitchButtonView.swift in Sources */,
				6AAF4DB528E4C0E700B8F691 /* ToDoApp.swift in Sources */,
			);
			runOnlyForDeploymentPostprocessing = 0;
		};
/* End PBXSourcesBuildPhase section */

/* Begin XCBuildConfiguration section */
		6AAF4DBD28E4C0E800B8F691 /* Debug */ = {
			isa = XCBuildConfiguration;
			buildSettings = {
				ALWAYS_SEARCH_USER_PATHS = NO;
				CLANG_ANALYZER_NONNULL = YES;
				CLANG_ANALYZER_NUMBER_OBJECT_CONVERSION = YES_AGGRESSIVE;
				CLANG_CXX_LANGUAGE_STANDARD = "gnu++20";
				CLANG_ENABLE_MODULES = YES;
				CLANG_ENABLE_OBJC_ARC = YES;
				CLANG_ENABLE_OBJC_WEAK = YES;
				CLANG_WARN_BLOCK_CAPTURE_AUTORELEASING = YES;
				CLANG_WARN_BOOL_CONVERSION = YES;
				CLANG_WARN_COMMA = YES;
				CLANG_WARN_CONSTANT_CONVERSION = YES;
				CLANG_WARN_DEPRECATED_OBJC_IMPLEMENTATIONS = YES;
				CLANG_WARN_DIRECT_OBJC_ISA_USAGE = YES_ERROR;
				CLANG_WARN_DOCUMENTATION_COMMENTS = YES;
				CLANG_WARN_EMPTY_BODY = YES;
				CLANG_WARN_ENUM_CONVERSION = YES;
				CLANG_WARN_INFINITE_RECURSION = YES;
				CLANG_WARN_INT_CONVERSION = YES;
				CLANG_WARN_NON_LITERAL_NULL_CONVERSION = YES;
				CLANG_WARN_OBJC_IMPLICIT_RETAIN_SELF = YES;
				CLANG_WARN_OBJC_LITERAL_CONVERSION = YES;
				CLANG_WARN_OBJC_ROOT_CLASS = YES_ERROR;
				CLANG_WARN_QUOTED_INCLUDE_IN_FRAMEWORK_HEADER = YES;
				CLANG_WARN_RANGE_LOOP_ANALYSIS = YES;
				CLANG_WARN_STRICT_PROTOTYPES = YES;
				CLANG_WARN_SUSPICIOUS_MOVE = YES;
				CLANG_WARN_UNGUARDED_AVAILABILITY = YES_AGGRESSIVE;
				CLANG_WARN_UNREACHABLE_CODE = YES;
				CLANG_WARN__DUPLICATE_METHOD_MATCH = YES;
				COPY_PHASE_STRIP = NO;
				DEBUG_INFORMATION_FORMAT = dwarf;
				ENABLE_STRICT_OBJC_MSGSEND = YES;
				ENABLE_TESTABILITY = YES;
				GCC_C_LANGUAGE_STANDARD = gnu11;
				GCC_DYNAMIC_NO_PIC = NO;
				GCC_NO_COMMON_BLOCKS = YES;
				GCC_OPTIMIZATION_LEVEL = 0;
				GCC_PREPROCESSOR_DEFINITIONS = (
					"DEBUG=1",
					"$(inherited)",
				);
				GCC_WARN_64_TO_32_BIT_CONVERSION = YES;
				GCC_WARN_ABOUT_RETURN_TYPE = YES_ERROR;
				GCC_WARN_UNDECLARED_SELECTOR = YES;
				GCC_WARN_UNINITIALIZED_AUTOS = YES_AGGRESSIVE;
				GCC_WARN_UNUSED_FUNCTION = YES;
				GCC_WARN_UNUSED_VARIABLE = YES;
				IPHONEOS_DEPLOYMENT_TARGET = 16.0;
				MTL_ENABLE_DEBUG_INFO = INCLUDE_SOURCE;
				MTL_FAST_MATH = YES;
				ONLY_ACTIVE_ARCH = YES;
				SDKROOT = iphoneos;
				SWIFT_ACTIVE_COMPILATION_CONDITIONS = DEBUG;
				SWIFT_OPTIMIZATION_LEVEL = "-Onone";
			};
			name = Debug;
		};
		6AAF4DBE28E4C0E800B8F691 /* Release */ = {
			isa = XCBuildConfiguration;
			buildSettings = {
				ALWAYS_SEARCH_USER_PATHS = NO;
				CLANG_ANALYZER_NONNULL = YES;
				CLANG_ANALYZER_NUMBER_OBJECT_CONVERSION = YES_AGGRESSIVE;
				CLANG_CXX_LANGUAGE_STANDARD = "gnu++20";
				CLANG_ENABLE_MODULES = YES;
				CLANG_ENABLE_OBJC_ARC = YES;
				CLANG_ENABLE_OBJC_WEAK = YES;
				CLANG_WARN_BLOCK_CAPTURE_AUTORELEASING = YES;
				CLANG_WARN_BOOL_CONVERSION = YES;
				CLANG_WARN_COMMA = YES;
				CLANG_WARN_CONSTANT_CONVERSION = YES;
				CLANG_WARN_DEPRECATED_OBJC_IMPLEMENTATIONS = YES;
				CLANG_WARN_DIRECT_OBJC_ISA_USAGE = YES_ERROR;
				CLANG_WARN_DOCUMENTATION_COMMENTS = YES;
				CLANG_WARN_EMPTY_BODY = YES;
				CLANG_WARN_ENUM_CONVERSION = YES;
				CLANG_WARN_INFINITE_RECURSION = YES;
				CLANG_WARN_INT_CONVERSION = YES;
				CLANG_WARN_NON_LITERAL_NULL_CONVERSION = YES;
				CLANG_WARN_OBJC_IMPLICIT_RETAIN_SELF = YES;
				CLANG_WARN_OBJC_LITERAL_CONVERSION = YES;
				CLANG_WARN_OBJC_ROOT_CLASS = YES_ERROR;
				CLANG_WARN_QUOTED_INCLUDE_IN_FRAMEWORK_HEADER = YES;
				CLANG_WARN_RANGE_LOOP_ANALYSIS = YES;
				CLANG_WARN_STRICT_PROTOTYPES = YES;
				CLANG_WARN_SUSPICIOUS_MOVE = YES;
				CLANG_WARN_UNGUARDED_AVAILABILITY = YES_AGGRESSIVE;
				CLANG_WARN_UNREACHABLE_CODE = YES;
				CLANG_WARN__DUPLICATE_METHOD_MATCH = YES;
				COPY_PHASE_STRIP = NO;
				DEBUG_INFORMATION_FORMAT = "dwarf-with-dsym";
				ENABLE_NS_ASSERTIONS = NO;
				ENABLE_STRICT_OBJC_MSGSEND = YES;
				GCC_C_LANGUAGE_STANDARD = gnu11;
				GCC_NO_COMMON_BLOCKS = YES;
				GCC_WARN_64_TO_32_BIT_CONVERSION = YES;
				GCC_WARN_ABOUT_RETURN_TYPE = YES_ERROR;
				GCC_WARN_UNDECLARED_SELECTOR = YES;
				GCC_WARN_UNINITIALIZED_AUTOS = YES_AGGRESSIVE;
				GCC_WARN_UNUSED_FUNCTION = YES;
				GCC_WARN_UNUSED_VARIABLE = YES;
				IPHONEOS_DEPLOYMENT_TARGET = 16.0;
				MTL_ENABLE_DEBUG_INFO = NO;
				MTL_FAST_MATH = YES;
				SDKROOT = iphoneos;
				SWIFT_COMPILATION_MODE = wholemodule;
				SWIFT_OPTIMIZATION_LEVEL = "-O";
				VALIDATE_PRODUCT = YES;
			};
			name = Release;
		};
		6AAF4DC028E4C0E800B8F691 /* Debug */ = {
			isa = XCBuildConfiguration;
			buildSettings = {
				ASSETCATALOG_COMPILER_APPICON_NAME = AppIcon;
				ASSETCATALOG_COMPILER_GLOBAL_ACCENT_COLOR_NAME = AccentColor;
				CODE_SIGN_STYLE = Automatic;
				CURRENT_PROJECT_VERSION = 1;
				DEVELOPMENT_ASSET_PATHS = "\"ToDo/Preview Content\"";
				DEVELOPMENT_TEAM = SQ3CQSAXZS;
				ENABLE_PREVIEWS = YES;
				GENERATE_INFOPLIST_FILE = YES;
				INFOPLIST_KEY_CFBundleDisplayName = "ToDo ";
				INFOPLIST_KEY_UIApplicationSceneManifest_Generation = YES;
				INFOPLIST_KEY_UIApplicationSupportsIndirectInputEvents = YES;
				INFOPLIST_KEY_UILaunchScreen_Generation = YES;
				INFOPLIST_KEY_UISupportedInterfaceOrientations_iPad = "UIInterfaceOrientationPortrait UIInterfaceOrientationPortraitUpsideDown UIInterfaceOrientationLandscapeLeft UIInterfaceOrientationLandscapeRight";
				INFOPLIST_KEY_UISupportedInterfaceOrientations_iPhone = "UIInterfaceOrientationPortrait UIInterfaceOrientationLandscapeLeft UIInterfaceOrientationLandscapeRight";
				LD_RUNPATH_SEARCH_PATHS = (
					"$(inherited)",
					"@executable_path/Frameworks",
				);
				MARKETING_VERSION = 1.0;
				PRODUCT_BUNDLE_IDENTIFIER = com.polinat;
				PRODUCT_NAME = "$(TARGET_NAME)";
				SWIFT_EMIT_LOC_STRINGS = YES;
				SWIFT_VERSION = 5.0;
				TARGETED_DEVICE_FAMILY = "1,2";
			};
			name = Debug;
		};
		6AAF4DC128E4C0E800B8F691 /* Release */ = {
			isa = XCBuildConfiguration;
			buildSettings = {
				ASSETCATALOG_COMPILER_APPICON_NAME = AppIcon;
				ASSETCATALOG_COMPILER_GLOBAL_ACCENT_COLOR_NAME = AccentColor;
				CODE_SIGN_STYLE = Automatic;
				CURRENT_PROJECT_VERSION = 1;
				DEVELOPMENT_ASSET_PATHS = "\"ToDo/Preview Content\"";
				DEVELOPMENT_TEAM = SQ3CQSAXZS;
				ENABLE_PREVIEWS = YES;
				GENERATE_INFOPLIST_FILE = YES;
				INFOPLIST_KEY_CFBundleDisplayName = "ToDo ";
				INFOPLIST_KEY_UIApplicationSceneManifest_Generation = YES;
				INFOPLIST_KEY_UIApplicationSupportsIndirectInputEvents = YES;
				INFOPLIST_KEY_UILaunchScreen_Generation = YES;
				INFOPLIST_KEY_UISupportedInterfaceOrientations_iPad = "UIInterfaceOrientationPortrait UIInterfaceOrientationPortraitUpsideDown UIInterfaceOrientationLandscapeLeft UIInterfaceOrientationLandscapeRight";
				INFOPLIST_KEY_UISupportedInterfaceOrientations_iPhone = "UIInterfaceOrientationPortrait UIInterfaceOrientationLandscapeLeft UIInterfaceOrientationLandscapeRight";
				LD_RUNPATH_SEARCH_PATHS = (
					"$(inherited)",
					"@executable_path/Frameworks",
				);
				MARKETING_VERSION = 1.0;
				PRODUCT_BUNDLE_IDENTIFIER = com.polinat;
				PRODUCT_NAME = "$(TARGET_NAME)";
				SWIFT_EMIT_LOC_STRINGS = YES;
				SWIFT_VERSION = 5.0;
				TARGETED_DEVICE_FAMILY = "1,2";
			};
			name = Release;
		};
/* End XCBuildConfiguration section */

/* Begin XCConfigurationList section */
		6AAF4DAC28E4C0E700B8F691 /* Build configuration list for PBXProject "ToDo" */ = {
			isa = XCConfigurationList;
			buildConfigurations = (
				6AAF4DBD28E4C0E800B8F691 /* Debug */,
				6AAF4DBE28E4C0E800B8F691 /* Release */,
			);
			defaultConfigurationIsVisible = 0;
			defaultConfigurationName = Release;
		};
		6AAF4DBF28E4C0E800B8F691 /* Build configuration list for PBXNativeTarget "ToDo" */ = {
			isa = XCConfigurationList;
			buildConfigurations = (
				6AAF4DC028E4C0E800B8F691 /* Debug */,
				6AAF4DC128E4C0E800B8F691 /* Release */,
			);
			defaultConfigurationIsVisible = 0;
			defaultConfigurationName = Release;
		};
/* End XCConfigurationList section */

/* Begin XCRemoteSwiftPackageReference section */
		6AAF4DC728E4C1FB00B8F691 /* XCRemoteSwiftPackageReference "realm-swift" */ = {
			isa = XCRemoteSwiftPackageReference;
			repositoryURL = "https://github.com/realm/realm-swift";
			requirement = {
				branch = master;
				kind = branch;
			};
		};
/* End XCRemoteSwiftPackageReference section */

/* Begin XCSwiftPackageProductDependency section */
		6AAF4DC828E4C1FC00B8F691 /* Realm */ = {
			isa = XCSwiftPackageProductDependency;
			package = 6AAF4DC728E4C1FB00B8F691 /* XCRemoteSwiftPackageReference "realm-swift" */;
			productName = Realm;
		};
		6AAF4DCA28E4C1FC00B8F691 /* RealmSwift */ = {
			isa = XCSwiftPackageProductDependency;
			package = 6AAF4DC728E4C1FB00B8F691 /* XCRemoteSwiftPackageReference "realm-swift" */;
			productName = RealmSwift;
		};
/* End XCSwiftPackageProductDependency section */

/* Begin XCVersionGroup section */
		6AAF4DD228E4C23900B8F691 /* CoreDataModel.xcdatamodeld */ = {
			isa = XCVersionGroup;
			children = (
				6AAF4DD328E4C23900B8F691 /* CoreDataModel.xcdatamodel */,
			);
			currentVersion = 6AAF4DD328E4C23900B8F691 /* CoreDataModel.xcdatamodel */;
			path = CoreDataModel.xcdatamodeld;
			sourceTree = "<group>";
			versionGroupType = wrapper.xcdatamodel;
		};
/* End XCVersionGroup section */
	};
	rootObject = 6AAF4DA928E4C0E700B8F691 /* Project object */;
}
